%{"bbmustache": {:hex, :bbmustache, "1.0.3"},
  "bunt": {:hex, :bunt, "0.1.4"},
  "calecto": {:hex, :calecto, "0.5.0"},
  "calendar": {:hex, :calendar, "0.12.4"},
  "certifi": {:hex, :certifi, "0.3.0"},
  "combine": {:hex, :combine, "0.7.0"},
  "con_cache": {:hex, :con_cache, "0.10.0"},
  "conform": {:hex, :conform, "0.16.0"},
  "connection": {:hex, :connection, "1.0.2"},
  "cowboy": {:hex, :cowboy, "1.0.4"},
  "cowlib": {:hex, :cowlib, "1.0.2"},
  "credo": {:git, "https://github.com/rrrene/credo.git", "d063c42e1f12669cf2405cdcd37c1ff03811cf41", []},
  "db_connection": {:hex, :db_connection, "0.2.3"},
  "decimal": {:hex, :decimal, "1.1.1"},
  "dotenv": {:hex, :dotenv, "2.0.0"},
  "ecto": {:hex, :ecto, "2.0.0-beta.1"},
  "erlcloud": {:git, "https://github.com/gleber/erlcloud.git", "c18f1be8925ee0e94e373dbcde6a2dfa6a6aa91a", []},
  "erlware_commons": {:hex, :erlware_commons, "0.15.0"},
  "ex_aws": {:git, "https://github.com/CargoSense/ex_aws.git", "c8d62612a427ef5cf6cfd74b772dcf82e90ab567", []},
  "exactor": {:hex, :exactor, "2.2.0"},
  "exq": {:hex, :exq, "0.6.4"},
  "exrm": {:git, "https://github.com/bitwalker/exrm.git", "35a7d0d9caae83efdbf1152de5145b82a07e5363", []},
  "fs": {:hex, :fs, "0.9.2"},
  "getopt": {:hex, :getopt, "0.8.2"},
  "hackney": {:hex, :hackney, "1.4.8"},
  "httpoison": {:hex, :httpoison, "0.8.1"},
  "httpotion": {:hex, :httpotion, "2.1.0"},
  "ibrowse": {:hex, :ibrowse, "4.2.2"},
  "idna": {:hex, :idna, "1.0.3"},
  "jsx": {:git, "git://github.com/talentdeficit/jsx.git", "3074d4865b3385a050badf7828ad31490d860df5", [tag: "2.8.0"]},
  "lhttpc": {:git, "git://github.com/talko/lhttpc", "2d01a5f9c7543b77bdd57f44c92e72801f46e423", [tag: "1.4.0"]},
  "mailgun": {:git, "https://github.com/chrismccord/mailgun.git", "300fa086c69933d76d12c09d534ce73e5f98e2e9", []},
  "meck": {:git, "https://github.com/eproxus/meck.git", "17b0ea5b7d9c93af3a52b5152c6bee14302b3885", [tag: "0.8.3"]},
  "mimerl": {:hex, :mimerl, "1.0.2"},
  "neotoma": {:hex, :neotoma, "1.7.3"},
  "phoenix": {:hex, :phoenix, "1.1.4"},
  "phoenix_ecto": {:hex, :phoenix_ecto, "3.0.0-beta.0"},
  "phoenix_html": {:hex, :phoenix_html, "2.5.0"},
  "plug": {:hex, :plug, "1.1.1"},
  "poison": {:hex, :poison, "1.5.2"},
  "poolboy": {:hex, :poolboy, "1.5.1"},
  "porcelain": {:hex, :porcelain, "2.0.1"},
  "postgrex": {:hex, :postgrex, "0.11.1"},
  "providers": {:hex, :providers, "1.4.1"},
  "quantum": {:git, "https://github.com/c-rack/quantum-elixir.git", "92961565627a5c3cdea1bff4e334cdacf089cf51", []},
  "ranch": {:hex, :ranch, "1.2.1"},
  "redix": {:hex, :redix, "0.3.4"},
  "relx": {:hex, :relx, "3.5.0"},
  "sbroker": {:hex, :sbroker, "0.7.0"},
  "ssl_verify_hostname": {:hex, :ssl_verify_hostname, "1.0.5"},
  "timex": {:hex, :timex, "1.0.1"},
  "timex_ecto": {:hex, :timex_ecto, "0.5.0"},
  "tzdata": {:hex, :tzdata, "0.5.6"},
  "uuid": {:hex, :uuid, "1.1.3"}}
