%{"bbmustache": {:hex, :bbmustache, "1.0.4", "7ba94f971c5afd7b6617918a4bb74705e36cab36eb84b19b6a1b7ee06427aa38", [:rebar], []},
  "bunt": {:hex, :bunt, "0.1.6", "5d95a6882f73f3b9969fdfd1953798046664e6f77ec4e486e6fafc7caad97c6f", [:mix], []},
  "calendar": {:hex, :calendar, "0.12.4", "74fecf151c3f3a20bf1a252a4c89c5691dc0110696bb0deba8a851c477600882", [:mix], [{:tzdata, "~> 0.5.6 or ~> 0.1.8", [hex: :tzdata, optional: false]}]},
  "certifi": {:hex, :certifi, "0.4.0", "a7966efb868b179023618d29a407548f70c52466bf1849b9e8ebd0e34b7ea11f", [:rebar3], []},
  "cf": {:hex, :cf, "0.2.1", "69d0b1349fd4d7d4dc55b7f407d29d7a840bf9a1ef5af529f1ebe0ce153fc2ab", [:rebar3], []},
  "combine": {:hex, :combine, "0.8.0", "390fe5f632a8c890d378abc697ca7c4c52cd3e38bb232a5cad1677cd4af013df", [:mix], []},
  "con_cache": {:hex, :con_cache, "0.11.0", "95a1b163db9a7a45eda6626a5f536c81af95b703a33103a2574836b29881215c", [:mix], [{:exactor, "~> 2.2.0", [hex: :exactor, optional: false]}]},
  "connection": {:hex, :connection, "1.0.3", "3145f7416be3df248a4935f24e3221dc467c1e3a158d62015b35bd54da365786", [:mix], []},
  "cors_plug": {:hex, :cors_plug, "1.1.1", "cf900be8f6cb11d608fbf9defb2bf3bee1451027cef47b8ff078c244c4e94d76", [:mix], [{:plug, "> 0.8.0", [hex: :plug, optional: false]}, {:cowboy, "~> 1.0.0", [hex: :cowboy, optional: false]}]},
  "cowboy": {:hex, :cowboy, "1.0.4", "a324a8df9f2316c833a470d918aaf73ae894278b8aa6226ce7a9bf699388f878", [:rebar, :make], [{:cowlib, "~> 1.0.0", [hex: :cowlib, optional: false]}, {:ranch, "~> 1.0", [hex: :ranch, optional: false]}]},
  "cowlib": {:hex, :cowlib, "1.0.2", "9d769a1d062c9c3ac753096f868ca121e2730b9a377de23dec0f7e08b1df84ee", [:make], []},
  "credo": {:git, "https://github.com/rrrene/credo.git", "f004bec13fea1c353c6435f618709f54bc5ce16e", []},
  "db_connection": {:hex, :db_connection, "1.0.0-rc.2", "c5b2329651ef046d85e47ec2c947cb0e3d10a69eb49fdb71e365e72d6758e4c5", [:mix], [{:sbroker, "~> 1.0.0-beta.2", [hex: :sbroker, optional: true]}, {:poolboy, "~> 1.5", [hex: :poolboy, optional: true]}, {:connection, "~> 1.0.2", [hex: :connection, optional: false]}]},
  "decimal": {:hex, :decimal, "1.1.2", "79a769d4657b2d537b51ef3c02d29ab7141d2b486b516c109642d453ee08e00c", [:mix], []},
  "dotenv": {:hex, :dotenv, "2.1.0", "2a66462dbc3038c43147a67a6c4d6eab365223c4bd5ba6f6205db9da0e3e3068", [:mix], []},
  "ecto": {:hex, :ecto, "2.0.1", "cf97a4d353e14af3d3cc3b4452cfbd18b3aeee1fb4075475efeccec3853444a9", [:mix], [{:poison, "~> 1.5 or ~> 2.0", [hex: :poison, optional: true]}, {:sbroker, "~> 1.0-beta", [hex: :sbroker, optional: true]}, {:mariaex, "~> 0.7.7", [hex: :mariaex, optional: true]}, {:postgrex, "~> 0.11.2", [hex: :postgrex, optional: true]}, {:db_connection, "~> 1.0-rc.2", [hex: :db_connection, optional: true]}, {:decimal, "~> 1.0", [hex: :decimal, optional: false]}, {:poolboy, "~> 1.5", [hex: :poolboy, optional: false]}]},
  "erlware_commons": {:hex, :erlware_commons, "0.19.0", "7b43caf2c91950c5f60dc20451e3c3afba44d3d4f7f27bcdc52469285a5a3e70", [:rebar3], [{:cf, "0.2.1", [hex: :cf, optional: false]}]},
  "ex_aws": {:git, "https://github.com/CargoSense/ex_aws.git", "63f25a8960e1f70c79f8b1bf303043f24125c769", []},
  "exactor": {:hex, :exactor, "2.2.0", "2a7418b82d974fe8276edd62c1facf4a9dc06339cdf11b5dcd10359e107fe5c3", [:mix], []},
  "exjsx": {:hex, :exjsx, "3.2.0", "7136cc739ace295fc74c378f33699e5145bead4fdc1b4799822d0287489136fb", [:mix], [{:jsx, "~> 2.6.2", [hex: :jsx, optional: false]}]},
  "exq": {:hex, :exq, "0.7.1", "459e31ba7422bb8b4f3183e68052f6fe9acf743b9991b98c077f63edf07cc351", [:mix], [{:uuid, ">= 1.0.0", [hex: :uuid, optional: false]}, {:timex, ">= 2.0.0", [hex: :timex, optional: false]}, {:redix, ">= 0.3.4", [hex: :redix, optional: false]}, {:poison, ">= 1.2.0 or ~> 2.0", [hex: :poison, optional: false]}]},
  "exrm": {:git, "https://github.com/bitwalker/exrm.git", "35a7d0d9caae83efdbf1152de5145b82a07e5363", []},
  "exvcr": {:hex, :exvcr, "0.7.2", "64bddf1cba766a6a6ad5a6b5d8a70a4205ccbb9b747a2a1877fc2644b6c1024a", [:mix], [{:meck, "~> 0.8.3", [hex: :meck, optional: false]}, {:httpotion, "~> 2.1", [hex: :httpotion, optional: true]}, {:httpoison, "~> 0.8", [hex: :httpoison, optional: true]}, {:exjsx, "~> 3.2", [hex: :exjsx, optional: false]}, {:exactor, "~> 2.2", [hex: :exactor, optional: false]}]},
  "geo": {:hex, :geo, "1.0.2", "89d955b0635645c7e2ef938d63e75b2329eec0d9dfaa6756975a91eeec94c7e7", [:mix], [{:postgrex, "~> 0.11.1", [hex: :postgrex, optional: true]}, {:poison, "~> 1.5 or ~> 2.0", [hex: :poison, optional: true]}, {:ecto, "~> 1.1 or ~> 2.0-beta", [hex: :ecto, optional: true]}]},
  "getopt": {:hex, :getopt, "0.8.2", "b17556db683000ba50370b16c0619df1337e7af7ecbf7d64fbf8d1d6bce3109b", [:rebar], []},
  "gettext": {:hex, :gettext, "0.11.0", "80c1dd42d270482418fa158ec5ba073d2980e3718bacad86f3d4ad71d5667679", [:mix], []},
  "hackney": {:hex, :hackney, "1.5.7", "f3809c0a17a3e523a865c65f6552b526f6b799acd0389803a05f88573ea26162", [:rebar3], [{:ssl_verify_fun, "1.1.0", [hex: :ssl_verify_fun, optional: false]}, {:mimerl, "1.0.2", [hex: :mimerl, optional: false]}, {:metrics, "1.0.1", [hex: :metrics, optional: false]}, {:idna, "1.2.0", [hex: :idna, optional: false]}, {:certifi, "0.4.0", [hex: :certifi, optional: false]}]},
  "httpoison": {:hex, :httpoison, "0.8.2", "dc53ea75a6abdb226e132aba74cbaf795f5c2fb0b3d8c8f13c9463e016cfbd66", [:mix], [{:hackney, "~> 1.5.2", [hex: :hackney, optional: false]}]},
  "httpotion": {:hex, :httpotion, "2.1.0", "3fe84fbd13d4560c2514da656d022b1191a079178ee4992d245fc3c33c01ee18", [:mix], []},
  "ibrowse": {:hex, :ibrowse, "4.2.2", "b32b5bafcc77b7277eff030ed32e1acc3f610c64e9f6aea19822abcadf681b4b", [:rebar3], []},
  "idna": {:hex, :idna, "1.2.0", "ac62ee99da068f43c50dc69acf700e03a62a348360126260e87f2b54eced86b2", [:rebar3], []},
  "jsx": {:hex, :jsx, "2.8.0", "749bec6d205c694ae1786d62cea6cc45a390437e24835fd16d12d74f07097727", [:mix, :rebar], []},
  "mailgun": {:git, "https://github.com/mosic/mailgun.git", "8c73ada08137ce875b487949167d60fecb1715dc", []},
  "meck": {:hex, :meck, "0.8.4", "59ca1cd971372aa223138efcf9b29475bde299e1953046a0c727184790ab1520", [:rebar, :make], []},
  "metrics": {:hex, :metrics, "1.0.1", "25f094dea2cda98213cecc3aeff09e940299d950904393b2a29d191c346a8486", [:rebar3], []},
  "mime": {:hex, :mime, "1.0.0", "b63027733bba00b1013bad14e25dc8b6629ecb817731544a88a0fd14f2a55685", [:mix], []},
  "mimerl": {:hex, :mimerl, "1.0.2", "993f9b0e084083405ed8252b99460c4f0563e41729ab42d9074fd5e52439be88", [:rebar3], []},
  "phoenix": {:hex, :phoenix, "1.2.0-rc.1", "08fdf0f290ef2fb76127f2cf63dfd59a501b19f91d51098f62b53fff991a27e6", [:mix], [{:poison, "~> 1.5 or ~> 2.0", [hex: :poison, optional: false]}, {:plug, "~> 1.0", [hex: :plug, optional: false]}, {:phoenix_pubsub, "~> 1.0.0-rc", [hex: :phoenix_pubsub, optional: false]}, {:mime, "~> 1.0", [hex: :mime, optional: false]}, {:cowboy, "~> 1.0", [hex: :cowboy, optional: true]}]},
  "phoenix_ecto": {:hex, :phoenix_ecto, "3.0.0", "b947aaf03d076f5b1448f87828f22fb7710478ee38455c67cc3fe8e9a4dfd015", [:mix], [{:ecto, "~> 2.0.0-rc", [hex: :ecto, optional: false]}, {:phoenix_html, "~> 2.6", [hex: :phoenix_html, optional: true]}]},
  "phoenix_html": {:hex, :phoenix_html, "2.6.0", "b9f7e091eb3d908586d9634596478fb9e577ee033d76f4ff327a745569bdd2d8", [:mix], [{:plug, "~> 0.13 or ~> 1.0", [hex: :plug, optional: false]}]},
  "phoenix_pubsub": {:hex, :phoenix_pubsub, "1.0.0-rc.0", "5c9453f9c7c8e4982ba48f408e4cec973ffb312bbe0da5fbe47899b9c91c48c0", [:mix], []},
  "plug": {:hex, :plug, "1.1.6", "8927e4028433fcb859e000b9389ee9c37c80eb28378eeeea31b0273350bf668b", [:mix], [{:cowboy, "~> 1.0", [hex: :cowboy, optional: true]}]},
  "poison": {:hex, :poison, "1.5.2", "560bdfb7449e3ddd23a096929fb9fc2122f709bcc758b2d5d5a5c7d0ea848910", [:mix], []},
  "poolboy": {:hex, :poolboy, "1.5.1", "6b46163901cfd0a1b43d692657ed9d7e599853b3b21b95ae5ae0a777cf9b6ca8", [:rebar], []},
  "porcelain": {:hex, :porcelain, "2.0.1", "9c3db2b47d8cf6879c0d9ac79db8657333974a88faff09e856569e00c1b5e119", [:mix], []},
  "postgrex": {:hex, :postgrex, "0.11.2", "139755c1359d3c5c6d6e8b1ea72556d39e2746f61c6ddfb442813c91f53487e8", [:mix], [{:connection, "~> 1.0", [hex: :connection, optional: false]}, {:db_connection, "~> 1.0-rc", [hex: :db_connection, optional: false]}, {:decimal, "~> 1.0", [hex: :decimal, optional: false]}]},
  "providers": {:hex, :providers, "1.6.0", "db0e2f9043ae60c0155205fcd238d68516331d0e5146155e33d1e79dc452964a", [:rebar3], [{:getopt, "0.8.2", [hex: :getopt, optional: false]}]},
  "quantum": {:git, "https://github.com/c-rack/quantum-elixir.git", "92961565627a5c3cdea1bff4e334cdacf089cf51", []},
  "ranch": {:hex, :ranch, "1.2.1", "a6fb992c10f2187b46ffd17ce398ddf8a54f691b81768f9ef5f461ea7e28c762", [:make], []},
  "redix": {:hex, :redix, "0.3.6", "882b3b9a81ac1245277a0ee60a0f33fef39dc5f988f513b605c8c93f40f7206f", [:mix], [{:connection, "~> 1.0.0", [hex: :connection, optional: false]}]},
  "relx": {:git, "https://github.com/erlware/relx.git", "1e15397a4924804f248facc18ccd07076baef7a4", []},
  "ssl_verify_fun": {:hex, :ssl_verify_fun, "1.1.0", "edee20847c42e379bf91261db474ffbe373f8acb56e9079acb6038d4e0bf414f", [:rebar, :make], []},
  "timex": {:hex, :timex, "2.1.5", "d4afd4e5114de99ac3093bbdba3a692ff6d9408c9e0075985a568c323c39f6c5", [:mix], [{:tzdata, "~> 0.1.8 or ~> 0.5", [hex: :tzdata, optional: false]}, {:gettext, "~> 0.10", [hex: :gettext, optional: false]}, {:combine, "~> 0.7", [hex: :combine, optional: false]}]},
  "tzdata": {:hex, :tzdata, "0.5.7", "10a4176023c2b294f1bbb98594a646ef25d658ca507b2da20a5952072d6080c4", [:mix], [{:hackney, "~> 1.0", [hex: :hackney, optional: false]}]},
  "uuid": {:hex, :uuid, "1.1.3", "06ca38801a1a95b751701ca40716bb97ddf76dfe7e26da0eec7dba636740d57a", [:mix], []}}
